# This file was autogenerated by Stack.
# You should not edit this file by hand.
# For more information, please see the documentation at:
#   https://docs.haskellstack.org/en/stable/lock_files

packages:
- completed:
    hackage: lsp-types-1.3.0.1@sha256:e7bd6261f0560fbbcce6c35a2ceb9cd10034896367e1c73973a4a2d85d322b0c,4689
    pantry-tree:
      size: 4146
      sha256: 11c9725e4ae4cbc0126d19c728ef13a8b2930faa65802def47f14c94eabc334d
  original:
    hackage: lsp-types-1.3.0.1
- completed:
    hackage: lsp-test-0.14.0.1@sha256:efce2ddec4183390341db7667e63936954c654a14d809ad7b61e4010a2fde97e,4739
    pantry-tree:
      size: 1559
      sha256: 9e3c4bcac9377a3634ca64071322600929d852ba09eba3c882fd07f15689a20a
  original:
    hackage: lsp-test-0.14.0.1
- completed:
    hackage: lsp-1.2.0.1@sha256:e229e53ea402947bca2e31bd33040e472509da7e1630f1ec40f52943c7227ea4,5607
    pantry-tree:
      size: 1417
      sha256: 03b73faa078174cb15b872f4af0cd98f52596b8844db8a78df4cec01d15d2813
  original:
    hackage: lsp-1.2.0.1
snapshots:
- completed:
    size: 586069
    url: https://raw.githubusercontent.com/commercialhaskell/stackage-snapshots/master/lts/18/14.yaml
    sha256: 87842ecbaa8ca9cee59a7e6be52369dbed82ed075cb4e0d152614a627e8fd488
  original:
    url: https://raw.githubusercontent.com/commercialhaskell/stackage-snapshots/master/lts/18/14.yaml
